<?xml version="1.0" encoding="utf-8"?>
<Project ToolsVersion="4.0" xmlns="http://schemas.microsoft.com/developer/msbuild/2003">
  <ItemGroup>
    <Filter Include="源文件">
      <UniqueIdentifier>{4FC737F1-C7A5-4376-A066-2A32D752A2FF}</UniqueIdentifier>
      <Extensions>cpp;c;cc;cxx;def;odl;idl;hpj;bat;asm;asmx</Extensions>
    </Filter>
    <Filter Include="头文件">
      <UniqueIdentifier>{93995380-89BD-4b04-88EB-625FBE52EBFB}</UniqueIdentifier>
      <Extensions>h;hh;hpp;hxx;hm;inl;inc;ipp;xsd</Extensions>
    </Filter>
    <Filter Include="资源文件">
      <UniqueIdentifier>{67DA6AB6-F800-4c08-8B7A-83BB121AAD01}</UniqueIdentifier>
      <Extensions>rc;ico;cur;bmp;dlg;rc2;rct;bin;rgs;gif;jpg;jpeg;jpe;resx;tiff;tif;png;wav;mfcribbon-ms</Extensions>
    </Filter>
    <Filter Include="源文件\Tree">
      <UniqueIdentifier>{6abfa35a-e6dd-4bb1-9f81-14d2c144b39f}</UniqueIdentifier>
    </Filter>
    <Filter Include="源文件\List">
      <UniqueIdentifier>{01198677-2bf0-4f6c-a819-8145bc0fc509}</UniqueIdentifier>
    </Filter>
    <Filter Include="源文件\Algorithm">
      <UniqueIdentifier>{a2f36fee-f71a-4294-ac57-a7b773c18184}</UniqueIdentifier>
    </Filter>
    <Filter Include="源文件\DesiginMode">
      <UniqueIdentifier>{c8d806a5-c86f-44fb-b003-52d9eb4a22cd}</UniqueIdentifier>
    </Filter>
    <Filter Include="源文件\LeetCode">
      <UniqueIdentifier>{384c765b-dd4c-46ae-a9e3-0dcf008598f4}</UniqueIdentifier>
    </Filter>
    <Filter Include="源文件\Algorithm\SortOrSearch">
      <UniqueIdentifier>{78fa5048-6b6b-48e8-88bd-ec591617ec12}</UniqueIdentifier>
    </Filter>
    <Filter Include="源文件\main">
      <UniqueIdentifier>{50ed8265-99e1-4eb9-b788-7d3f39a9d4b5}</UniqueIdentifier>
    </Filter>
  </ItemGroup>
  <ItemGroup>
    <ClCompile Include="Guo_Tree.cpp">
      <Filter>源文件\Tree</Filter>
    </ClCompile>
    <ClCompile Include="TreeOrderTravel.cpp">
      <Filter>源文件\Tree</Filter>
    </ClCompile>
    <ClCompile Include="GuoSearchTree.cpp">
      <Filter>源文件\Tree</Filter>
    </ClCompile>
    <ClCompile Include="ListInsert.cpp">
      <Filter>源文件\List</Filter>
    </ClCompile>
    <ClCompile Include="LoopList_is.cpp">
      <Filter>源文件\List</Filter>
    </ClCompile>
    <ClCompile Include="reverselist.cpp">
      <Filter>源文件\List</Filter>
    </ClCompile>
    <ClCompile Include="Sort.cpp">
      <Filter>源文件\Algorithm\SortOrSearch</Filter>
    </ClCompile>
    <ClCompile Include="Search.cpp">
      <Filter>源文件\Algorithm\SortOrSearch</Filter>
    </ClCompile>
    <ClCompile Include="FindFirstCommonNode.cpp">
      <Filter>源文件\List</Filter>
    </ClCompile>
    <ClCompile Include="LRUCache.cpp">
      <Filter>源文件\Algorithm</Filter>
    </ClCompile>
    <ClCompile Include="sqrt.cpp">
      <Filter>源文件\Algorithm</Filter>
    </ClCompile>
    <ClCompile Include="Cin.cpp">
      <Filter>源文件\main</Filter>
    </ClCompile>
    <ClCompile Include="Cout.cpp">
      <Filter>源文件\main</Filter>
    </ClCompile>
    <ClCompile Include="My_strlen_strcpy_strcat_memcpy.cpp">
      <Filter>源文件\main</Filter>
    </ClCompile>
    <ClCompile Include="Mystring.cpp">
      <Filter>源文件\main</Filter>
    </ClCompile>
    <ClCompile Include="Produce_Consumer_Mode.cpp">
      <Filter>源文件\DesiginMode</Filter>
    </ClCompile>
    <ClCompile Include="ThreadPool.cpp">
      <Filter>源文件\DesiginMode</Filter>
    </ClCompile>
    <ClCompile Include="CSingletom.cpp">
      <Filter>源文件\DesiginMode</Filter>
    </ClCompile>
    <ClCompile Include="main.cpp">
      <Filter>源文件\main</Filter>
    </ClCompile>
    <ClCompile Include="GetDepthBiTree.cpp">
      <Filter>源文件\Tree</Filter>
    </ClCompile>
    <ClCompile Include="CountNodes.cpp">
      <Filter>源文件\Tree</Filter>
    </ClCompile>
    <ClCompile Include="TreeOrederTravelWithoutRecursion.cpp">
      <Filter>源文件\Tree</Filter>
    </ClCompile>
    <ClCompile Include="IsBalancedTree.cpp">
      <Filter>源文件\Tree</Filter>
    </ClCompile>
    <ClCompile Include="IsSameBitree.cpp">
      <Filter>源文件\Tree</Filter>
    </ClCompile>
    <ClCompile Include="IsCompleteBitree.cpp">
      <Filter>源文件\Tree</Filter>
    </ClCompile>
    <ClCompile Include="IsMirrorBitree.cpp">
      <Filter>源文件\Tree</Filter>
    </ClCompile>
    <ClCompile Include="ReverseMirrorBItree.cpp">
      <Filter>源文件\Tree</Filter>
    </ClCompile>
    <ClCompile Include="doubleNumsSumOfArray.cpp">
      <Filter>源文件\LeetCode</Filter>
    </ClCompile>
    <ClCompile Include="addTwoNumbers.cpp">
      <Filter>源文件\LeetCode</Filter>
    </ClCompile>
    <ClCompile Include="LengthOfLongestSubString.cpp">
      <Filter>源文件\LeetCode</Filter>
    </ClCompile>
    <ClCompile Include="GuapiJumpFloor.cpp">
      <Filter>源文件\LeetCode</Filter>
    </ClCompile>
    <ClCompile Include="WordsNumOfString.cpp">
      <Filter>源文件\LeetCode</Filter>
    </ClCompile>
    <ClCompile Include="FindMedianSortedArrays.cpp">
      <Filter>源文件\LeetCode</Filter>
    </ClCompile>
    <ClCompile Include="pthread_mutex_t.cpp">
      <Filter>源文件\DesiginMode</Filter>
    </ClCompile>
    <ClCompile Include="MinPathSum.cpp">
      <Filter>源文件\LeetCode</Filter>
    </ClCompile>
    <ClCompile Include="StackAsQuene.cpp">
      <Filter>源文件\LeetCode</Filter>
    </ClCompile>
    <ClCompile Include="QueneAsStack.cpp">
      <Filter>源文件\LeetCode</Filter>
    </ClCompile>
    <ClCompile Include="permute.cpp">
      <Filter>源文件\LeetCode</Filter>
    </ClCompile>
    <ClCompile Include="SolveNQueens.cpp">
      <Filter>源文件\LeetCode</Filter>
    </ClCompile>
    <ClCompile Include="VecBjianVecA.cpp">
      <Filter>源文件\LeetCode</Filter>
    </ClCompile>
    <ClCompile Include="maxProfit.cpp">
      <Filter>源文件\LeetCode</Filter>
    </ClCompile>
  </ItemGroup>
  <ItemGroup>
    <ClInclude Include="myheadfile.h">
      <Filter>头文件</Filter>
    </ClInclude>
    <ClInclude Include="SortOrSearch.h">
      <Filter>头文件</Filter>
    </ClInclude>
    <ClInclude Include="thread_Lock.h">
      <Filter>头文件</Filter>
    </ClInclude>
    <ClInclude Include="class_LRU.h">
      <Filter>头文件</Filter>
    </ClInclude>
    <ClInclude Include="class_ThreadPool.h">
      <Filter>头文件</Filter>
    </ClInclude>
    <ClInclude Include="My_String.h">
      <Filter>头文件</Filter>
    </ClInclude>
    <ClInclude Include="Tree.h">
      <Filter>头文件</Filter>
    </ClInclude>
    <ClInclude Include="Leetcode.h">
      <Filter>头文件</Filter>
    </ClInclude>
  </ItemGroup>
  <ItemGroup>
    <None Include="packages.config" />
  </ItemGroup>
</Project>